# Prisma Migrate lockfile v1

20200914075938-init
20200914082122-deactive-tokens
20200914124000-make-hashed-password-required
20200914124113-add-email-is-verified-field
20200928071732-generate-id-locally--don-t-use-stripe-generated-one
20200928071823-don-t-save-default-payment-method
20200928111847-add-field-about-overage-warning
20200929081856-add-db-field-on-free-invocations